// !$*UTF8*$!
{
	archiveVersion = 1;
	classes = {
	};
	objectVersion = 56;
	objects = {

/* Begin PBXBuildFile section */
		9345A4902A29F87000BA5DB2 /* AppDelegate.swift in Sources */ = {isa = PBXBuildFile; fileRef = 9345A48F2A29F87000BA5DB2 /* AppDelegate.swift */; };
		9345A4922A29F87000BA5DB2 /* SceneDelegate.swift in Sources */ = {isa = PBXBuildFile; fileRef = 9345A4912A29F87000BA5DB2 /* SceneDelegate.swift */; };
		9345A4992A29F87200BA5DB2 /* Assets.xcassets in Resources */ = {isa = PBXBuildFile; fileRef = 9345A4982A29F87200BA5DB2 /* Assets.xcassets */; };
		9345A49C2A29F87200BA5DB2 /* LaunchScreen.storyboard in Resources */ = {isa = PBXBuildFile; fileRef = 9345A49A2A29F87200BA5DB2 /* LaunchScreen.storyboard */; };
		9345A4AC2A29FF8200BA5DB2 /* AlbumCell.swift in Sources */ = {isa = PBXBuildFile; fileRef = 9345A4AA2A29FF8100BA5DB2 /* AlbumCell.swift */; };
		9345A4AD2A29FF8200BA5DB2 /* AlbumsListViewController.swift in Sources */ = {isa = PBXBuildFile; fileRef = 9345A4AB2A29FF8200BA5DB2 /* AlbumsListViewController.swift */; };
		9345A4B32A2A000100BA5DB2 /* SnapKit in Frameworks */ = {isa = PBXBuildFile; productRef = 9345A4B22A2A000100BA5DB2 /* SnapKit */; };
		9345A4B72A2A002B00BA5DB2 /* GetAlbumsError.swift in Sources */ = {isa = PBXBuildFile; fileRef = 9345A4B52A2A002B00BA5DB2 /* GetAlbumsError.swift */; };
		9345A4B82A2A002B00BA5DB2 /* Album.swift in Sources */ = {isa = PBXBuildFile; fileRef = 9345A4B62A2A002B00BA5DB2 /* Album.swift */; };
		9345A4BB2A2A004D00BA5DB2 /* AlbumsListViewModel.swift in Sources */ = {isa = PBXBuildFile; fileRef = 9345A4BA2A2A004D00BA5DB2 /* AlbumsListViewModel.swift */; };
/* End PBXBuildFile section */

/* Begin PBXFileReference section */
		9345A48C2A29F87000BA5DB2 /* SimpleAlbumsList.app */ = {isa = PBXFileReference; explicitFileType = wrapper.application; includeInIndex = 0; path = SimpleAlbumsList.app; sourceTree = BUILT_PRODUCTS_DIR; };
		9345A48F2A29F87000BA5DB2 /* AppDelegate.swift */ = {isa = PBXFileReference; lastKnownFileType = sourcecode.swift; path = AppDelegate.swift; sourceTree = "<group>"; };
		9345A4912A29F87000BA5DB2 /* SceneDelegate.swift */ = {isa = PBXFileReference; lastKnownFileType = sourcecode.swift; path = SceneDelegate.swift; sourceTree = "<group>"; };
		9345A4982A29F87200BA5DB2 /* Assets.xcassets */ = {isa = PBXFileReference; lastKnownFileType = folder.assetcatalog; path = Assets.xcassets; sourceTree = "<group>"; };
		9345A49B2A29F87200BA5DB2 /* Base */ = {isa = PBXFileReference; lastKnownFileType = file.storyboard; name = Base; path = Base.lproj/LaunchScreen.storyboard; sourceTree = "<group>"; };
		9345A49D2A29F87200BA5DB2 /* Info.plist */ = {isa = PBXFileReference; lastKnownFileType = text.plist.xml; path = Info.plist; sourceTree = "<group>"; };
		9345A4AA2A29FF8100BA5DB2 /* AlbumCell.swift */ = {isa = PBXFileReference; fileEncoding = 4; lastKnownFileType = sourcecode.swift; path = AlbumCell.swift; sourceTree = "<group>"; };
		9345A4AB2A29FF8200BA5DB2 /* AlbumsListViewController.swift */ = {isa = PBXFileReference; fileEncoding = 4; lastKnownFileType = sourcecode.swift; path = AlbumsListViewController.swift; sourceTree = "<group>"; };
		9345A4B52A2A002B00BA5DB2 /* GetAlbumsError.swift */ = {isa = PBXFileReference; fileEncoding = 4; lastKnownFileType = sourcecode.swift; path = GetAlbumsError.swift; sourceTree = "<group>"; };
		9345A4B62A2A002B00BA5DB2 /* Album.swift */ = {isa = PBXFileReference; fileEncoding = 4; lastKnownFileType = sourcecode.swift; path = Album.swift; sourceTree = "<group>"; };
		9345A4BA2A2A004D00BA5DB2 /* AlbumsListViewModel.swift */ = {isa = PBXFileReference; fileEncoding = 4; lastKnownFileType = sourcecode.swift; path = AlbumsListViewModel.swift; sourceTree = "<group>"; };
/* End PBXFileReference section */

/* Begin PBXFrameworksBuildPhase section */
		9345A4892A29F87000BA5DB2 /* Frameworks */ = {
			isa = PBXFrameworksBuildPhase;
			buildActionMask = 2147483647;
			files = (
				9345A4B32A2A000100BA5DB2 /* SnapKit in Frameworks */,
			);
			runOnlyForDeploymentPostprocessing = 0;
		};
/* End PBXFrameworksBuildPhase section */

/* Begin PBXGroup section */
		9345A4832A29F87000BA5DB2 = {
			isa = PBXGroup;
			children = (
				9345A48E2A29F87000BA5DB2 /* SimpleAlbumsList */,
				9345A48D2A29F87000BA5DB2 /* Products */,
			);
			sourceTree = "<group>";
		};
		9345A48D2A29F87000BA5DB2 /* Products */ = {
			isa = PBXGroup;
			children = (
				9345A48C2A29F87000BA5DB2 /* SimpleAlbumsList.app */,
			);
			name = Products;
			sourceTree = "<group>";
		};
		9345A48E2A29F87000BA5DB2 /* SimpleAlbumsList */ = {
			isa = PBXGroup;
			children = (
				9345A4A52A29FF4A00BA5DB2 /* AlbumsList */,
				9345A4A32A29FE9300BA5DB2 /* AppDelegate */,
				9345A4A42A29FEA300BA5DB2 /* Resources */,
			);
			path = SimpleAlbumsList;
			sourceTree = "<group>";
		};
		9345A4A32A29FE9300BA5DB2 /* AppDelegate */ = {
			isa = PBXGroup;
			children = (
				9345A48F2A29F87000BA5DB2 /* AppDelegate.swift */,
				9345A4912A29F87000BA5DB2 /* SceneDelegate.swift */,
			);
			path = AppDelegate;
			sourceTree = "<group>";
		};
		9345A4A42A29FEA300BA5DB2 /* Resources */ = {
			isa = PBXGroup;
			children = (
				9345A4982A29F87200BA5DB2 /* Assets.xcassets */,
				9345A49A2A29F87200BA5DB2 /* LaunchScreen.storyboard */,
				9345A49D2A29F87200BA5DB2 /* Info.plist */,
			);
			path = Resources;
			sourceTree = "<group>";
		};
		9345A4A52A29FF4A00BA5DB2 /* AlbumsList */ = {
			isa = PBXGroup;
			children = (
				9345A4B42A2A002B00BA5DB2 /* Model */,
				9345A4A92A29FF8100BA5DB2 /* View */,
				9345A4B92A2A004D00BA5DB2 /* ViewModel */,
			);
			path = AlbumsList;
			sourceTree = "<group>";
		};
		9345A4A92A29FF8100BA5DB2 /* View */ = {
			isa = PBXGroup;
			children = (
				9345A4AA2A29FF8100BA5DB2 /* AlbumCell.swift */,
				9345A4AB2A29FF8200BA5DB2 /* AlbumsListViewController.swift */,
			);
			name = View;
			path = "../../../../Previous interviews/2022/Wayfair/WayfairTakehome/WayfairTakehome/View";
			sourceTree = "<group>";
		};
		9345A4B42A2A002B00BA5DB2 /* Model */ = {
			isa = PBXGroup;
			children = (
				9345A4B52A2A002B00BA5DB2 /* GetAlbumsError.swift */,
				9345A4B62A2A002B00BA5DB2 /* Album.swift */,
			);
			path = Model;
			sourceTree = "<group>";
		};
		9345A4B92A2A004D00BA5DB2 /* ViewModel */ = {
			isa = PBXGroup;
			children = (
				9345A4BA2A2A004D00BA5DB2 /* AlbumsListViewModel.swift */,
			);
			path = ViewModel;
			sourceTree = "<group>";
		};
/* End PBXGroup section */

/* Begin PBXNativeTarget section */
		9345A48B2A29F87000BA5DB2 /* SimpleAlbumsList */ = {
			isa = PBXNativeTarget;
			buildConfigurationList = 9345A4A02A29F87200BA5DB2 /* Build configuration list for PBXNativeTarget "SimpleAlbumsList" */;
			buildPhases = (
				9345A4882A29F87000BA5DB2 /* Sources */,
				9345A4892A29F87000BA5DB2 /* Frameworks */,
				9345A48A2A29F87000BA5DB2 /* Resources */,
			);
			buildRules = (
			);
			dependencies = (
			);
			name = SimpleAlbumsList;
			packageProductDependencies = (
				9345A4B22A2A000100BA5DB2 /* SnapKit */,
			);
			productName = SimpleAlbumsList;
			productReference = 9345A48C2A29F87000BA5DB2 /* SimpleAlbumsList.app */;
			productType = "com.apple.product-type.application";
		};
/* End PBXNativeTarget section */

/* Begin PBXProject section */
		9345A4842A29F87000BA5DB2 /* Project object */ = {
			isa = PBXProject;
			attributes = {
				BuildIndependentTargetsInParallel = 1;
				LastSwiftUpdateCheck = 1420;
				LastUpgradeCheck = 1420;
				TargetAttributes = {
					9345A48B2A29F87000BA5DB2 = {
						CreatedOnToolsVersion = 14.2;
					};
				};
			};
			buildConfigurationList = 9345A4872A29F87000BA5DB2 /* Build configuration list for PBXProject "SimpleAlbumsList" */;
			compatibilityVersion = "Xcode 14.0";
			developmentRegion = en;
			hasScannedForEncodings = 0;
			knownRegions = (
				en,
				Base,
			);
			mainGroup = 9345A4832A29F87000BA5DB2;
			packageReferences = (
				9345A4B12A2A000100BA5DB2 /* XCRemoteSwiftPackageReference "SnapKit" */,
			);
			productRefGroup = 9345A48D2A29F87000BA5DB2 /* Products */;
			projectDirPath = "";
			projectRoot = "";
			targets = (
				9345A48B2A29F87000BA5DB2 /* SimpleAlbumsList */,
			);
		};
/* End PBXProject section */

/* Begin PBXResourcesBuildPhase section */
		9345A48A2A29F87000BA5DB2 /* Resources */ = {
			isa = PBXResourcesBuildPhase;
			buildActionMask = 2147483647;
			files = (
				9345A49C2A29F87200BA5DB2 /* LaunchScreen.storyboard in Resources */,
				9345A4992A29F87200BA5DB2 /* Assets.xcassets in Resources */,
			);
			runOnlyForDeploymentPostprocessing = 0;
		};
/* End PBXResourcesBuildPhase section */

/* Begin PBXSourcesBuildPhase section */
		9345A4882A29F87000BA5DB2 /* Sources */ = {
			isa = PBXSourcesBuildPhase;
			buildActionMask = 2147483647;
			files = (
				9345A4AD2A29FF8200BA5DB2 /* AlbumsListViewController.swift in Sources */,
				9345A4902A29F87000BA5DB2 /* AppDelegate.swift in Sources */,
				9345A4BB2A2A004D00BA5DB2 /* AlbumsListViewModel.swift in Sources */,
				9345A4B72A2A002B00BA5DB2 /* GetAlbumsError.swift in Sources */,
				9345A4922A29F87000BA5DB2 /* SceneDelegate.swift in Sources */,
				9345A4AC2A29FF8200BA5DB2 /* AlbumCell.swift in Sources */,
				9345A4B82A2A002B00BA5DB2 /* Album.swift in Sources */,
			);
			runOnlyForDeploymentPostprocessing = 0;
		};
/* End PBXSourcesBuildPhase section */

/* Begin PBXVariantGroup section */
		9345A49A2A29F87200BA5DB2 /* LaunchScreen.storyboard */ = {
			isa = PBXVariantGroup;
			children = (
				9345A49B2A29F87200BA5DB2 /* Base */,
			);
			name = LaunchScreen.storyboard;
			sourceTree = "<group>";
		};
/* End PBXVariantGroup section */

/* Begin XCBuildConfiguration section */
		9345A49E2A29F87200BA5DB2 /* Debug */ = {
			isa = XCBuildConfiguration;
			buildSettings = {
				ALWAYS_SEARCH_USER_PATHS = NO;
				CLANG_ANALYZER_NONNULL = YES;
				CLANG_ANALYZER_NUMBER_OBJECT_CONVERSION = YES_AGGRESSIVE;
				CLANG_CXX_LANGUAGE_STANDARD = "gnu++20";
				CLANG_ENABLE_MODULES = YES;
				CLANG_ENABLE_OBJC_ARC = YES;
				CLANG_ENABLE_OBJC_WEAK = YES;
				CLANG_WARN_BLOCK_CAPTURE_AUTORELEASING = YES;
				CLANG_WARN_BOOL_CONVERSION = YES;
				CLANG_WARN_COMMA = YES;
				CLANG_WARN_CONSTANT_CONVERSION = YES;
				CLANG_WARN_DEPRECATED_OBJC_IMPLEMENTATIONS = YES;
				CLANG_WARN_DIRECT_OBJC_ISA_USAGE = YES_ERROR;
				CLANG_WARN_DOCUMENTATION_COMMENTS = YES;
				CLANG_WARN_EMPTY_BODY = YES;
				CLANG_WARN_ENUM_CONVERSION = YES;
				CLANG_WARN_INFINITE_RECURSION = YES;
				CLANG_WARN_INT_CONVERSION = YES;
				CLANG_WARN_NON_LITERAL_NULL_CONVERSION = YES;
				CLANG_WARN_OBJC_IMPLICIT_RETAIN_SELF = YES;
				CLANG_WARN_OBJC_LITERAL_CONVERSION = YES;
				CLANG_WARN_OBJC_ROOT_CLASS = YES_ERROR;
				CLANG_WARN_QUOTED_INCLUDE_IN_FRAMEWORK_HEADER = YES;
				CLANG_WARN_RANGE_LOOP_ANALYSIS = YES;
				CLANG_WARN_STRICT_PROTOTYPES = YES;
				CLANG_WARN_SUSPICIOUS_MOVE = YES;
				CLANG_WARN_UNGUARDED_AVAILABILITY = YES_AGGRESSIVE;
				CLANG_WARN_UNREACHABLE_CODE = YES;
				CLANG_WARN__DUPLICATE_METHOD_MATCH = YES;
				COPY_PHASE_STRIP = NO;
				DEBUG_INFORMATION_FORMAT = dwarf;
				ENABLE_STRICT_OBJC_MSGSEND = YES;
				ENABLE_TESTABILITY = YES;
				GCC_C_LANGUAGE_STANDARD = gnu11;
				GCC_DYNAMIC_NO_PIC = NO;
				GCC_NO_COMMON_BLOCKS = YES;
				GCC_OPTIMIZATION_LEVEL = 0;
				GCC_PREPROCESSOR_DEFINITIONS = (
					"DEBUG=1",
					"$(inherited)",
				);
				GCC_WARN_64_TO_32_BIT_CONVERSION = YES;
				GCC_WARN_ABOUT_RETURN_TYPE = YES_ERROR;
				GCC_WARN_UNDECLARED_SELECTOR = YES;
				GCC_WARN_UNINITIALIZED_AUTOS = YES_AGGRESSIVE;
				GCC_WARN_UNUSED_FUNCTION = YES;
				GCC_WARN_UNUSED_VARIABLE = YES;
				IPHONEOS_DEPLOYMENT_TARGET = 16.2;
				MTL_ENABLE_DEBUG_INFO = INCLUDE_SOURCE;
				MTL_FAST_MATH = YES;
				ONLY_ACTIVE_ARCH = YES;
				SDKROOT = iphoneos;
				SWIFT_ACTIVE_COMPILATION_CONDITIONS = DEBUG;
				SWIFT_OPTIMIZATION_LEVEL = "-Onone";
			};
			name = Debug;
		};
		9345A49F2A29F87200BA5DB2 /* Release */ = {
			isa = XCBuildConfiguration;
			buildSettings = {
				ALWAYS_SEARCH_USER_PATHS = NO;
				CLANG_ANALYZER_NONNULL = YES;
				CLANG_ANALYZER_NUMBER_OBJECT_CONVERSION = YES_AGGRESSIVE;
				CLANG_CXX_LANGUAGE_STANDARD = "gnu++20";
				CLANG_ENABLE_MODULES = YES;
				CLANG_ENABLE_OBJC_ARC = YES;
				CLANG_ENABLE_OBJC_WEAK = YES;
				CLANG_WARN_BLOCK_CAPTURE_AUTORELEASING = YES;
				CLANG_WARN_BOOL_CONVERSION = YES;
				CLANG_WARN_COMMA = YES;
				CLANG_WARN_CONSTANT_CONVERSION = YES;
				CLANG_WARN_DEPRECATED_OBJC_IMPLEMENTATIONS = YES;
				CLANG_WARN_DIRECT_OBJC_ISA_USAGE = YES_ERROR;
				CLANG_WARN_DOCUMENTATION_COMMENTS = YES;
				CLANG_WARN_EMPTY_BODY = YES;
				CLANG_WARN_ENUM_CONVERSION = YES;
				CLANG_WARN_INFINITE_RECURSION = YES;
				CLANG_WARN_INT_CONVERSION = YES;
				CLANG_WARN_NON_LITERAL_NULL_CONVERSION = YES;
				CLANG_WARN_OBJC_IMPLICIT_RETAIN_SELF = YES;
				CLANG_WARN_OBJC_LITERAL_CONVERSION = YES;
				CLANG_WARN_OBJC_ROOT_CLASS = YES_ERROR;
				CLANG_WARN_QUOTED_INCLUDE_IN_FRAMEWORK_HEADER = YES;
				CLANG_WARN_RANGE_LOOP_ANALYSIS = YES;
				CLANG_WARN_STRICT_PROTOTYPES = YES;
				CLANG_WARN_SUSPICIOUS_MOVE = YES;
				CLANG_WARN_UNGUARDED_AVAILABILITY = YES_AGGRESSIVE;
				CLANG_WARN_UNREACHABLE_CODE = YES;
				CLANG_WARN__DUPLICATE_METHOD_MATCH = YES;
				COPY_PHASE_STRIP = NO;
				DEBUG_INFORMATION_FORMAT = "dwarf-with-dsym";
				ENABLE_NS_ASSERTIONS = NO;
				ENABLE_STRICT_OBJC_MSGSEND = YES;
				GCC_C_LANGUAGE_STANDARD = gnu11;
				GCC_NO_COMMON_BLOCKS = YES;
				GCC_WARN_64_TO_32_BIT_CONVERSION = YES;
				GCC_WARN_ABOUT_RETURN_TYPE = YES_ERROR;
				GCC_WARN_UNDECLARED_SELECTOR = YES;
				GCC_WARN_UNINITIALIZED_AUTOS = YES_AGGRESSIVE;
				GCC_WARN_UNUSED_FUNCTION = YES;
				GCC_WARN_UNUSED_VARIABLE = YES;
				IPHONEOS_DEPLOYMENT_TARGET = 16.2;
				MTL_ENABLE_DEBUG_INFO = NO;
				MTL_FAST_MATH = YES;
				SDKROOT = iphoneos;
				SWIFT_COMPILATION_MODE = wholemodule;
				SWIFT_OPTIMIZATION_LEVEL = "-O";
				VALIDATE_PRODUCT = YES;
			};
			name = Release;
		};
		9345A4A12A29F87200BA5DB2 /* Debug */ = {
			isa = XCBuildConfiguration;
			buildSettings = {
				ASSETCATALOG_COMPILER_APPICON_NAME = AppIcon;
				ASSETCATALOG_COMPILER_GLOBAL_ACCENT_COLOR_NAME = AccentColor;
				CODE_SIGN_STYLE = Automatic;
				CURRENT_PROJECT_VERSION = 1;
				GENERATE_INFOPLIST_FILE = YES;
				INFOPLIST_FILE = SimpleAlbumsList/Info.plist;
				INFOPLIST_KEY_UIApplicationSupportsIndirectInputEvents = YES;
				INFOPLIST_KEY_UILaunchStoryboardName = LaunchScreen;
				INFOPLIST_KEY_UISupportedInterfaceOrientations = UIInterfaceOrientationPortrait;
				INFOPLIST_KEY_UISupportedInterfaceOrientations_iPad = "UIInterfaceOrientationLandscapeLeft UIInterfaceOrientationLandscapeRight UIInterfaceOrientationPortrait UIInterfaceOrientationPortraitUpsideDown";
				IPHONEOS_DEPLOYMENT_TARGET = 15.0;
				LD_RUNPATH_SEARCH_PATHS = (
					"$(inherited)",
					"@executable_path/Frameworks",
				);
				MARKETING_VERSION = 1.0;
				PRODUCT_BUNDLE_IDENTIFIER = com.jayjson.SimpleAlbumsList;
				PRODUCT_NAME = "$(TARGET_NAME)";
				SUPPORTED_PLATFORMS = "iphoneos iphonesimulator";
				SUPPORTS_MACCATALYST = NO;
				SUPPORTS_MAC_DESIGNED_FOR_IPHONE_IPAD = NO;
				SWIFT_EMIT_LOC_STRINGS = YES;
				SWIFT_VERSION = 5.0;
				TARGETED_DEVICE_FAMILY = 1;
			};
			name = Debug;
		};
		9345A4A22A29F87200BA5DB2 /* Release */ = {
			isa = XCBuildConfiguration;
			buildSettings = {
				ASSETCATALOG_COMPILER_APPICON_NAME = AppIcon;
				ASSETCATALOG_COMPILER_GLOBAL_ACCENT_COLOR_NAME = AccentColor;
				CODE_SIGN_STYLE = Automatic;
				CURRENT_PROJECT_VERSION = 1;
				GENERATE_INFOPLIST_FILE = YES;
				INFOPLIST_FILE = SimpleAlbumsList/Info.plist;
				INFOPLIST_KEY_UIApplicationSupportsIndirectInputEvents = YES;
				INFOPLIST_KEY_UILaunchStoryboardName = LaunchScreen;
				INFOPLIST_KEY_UISupportedInterfaceOrientations = UIInterfaceOrientationPortrait;
				INFOPLIST_KEY_UISupportedInterfaceOrientations_iPad = "UIInterfaceOrientationLandscapeLeft UIInterfaceOrientationLandscapeRight UIInterfaceOrientationPortrait UIInterfaceOrientationPortraitUpsideDown";
				IPHONEOS_DEPLOYMENT_TARGET = 15.0;
				LD_RUNPATH_SEARCH_PATHS = (
					"$(inherited)",
					"@executable_path/Frameworks",
				);
				MARKETING_VERSION = 1.0;
				PRODUCT_BUNDLE_IDENTIFIER = com.jayjson.SimpleAlbumsList;
				PRODUCT_NAME = "$(TARGET_NAME)";
				SUPPORTED_PLATFORMS = "iphoneos iphonesimulator";
				SUPPORTS_MACCATALYST = NO;
				SUPPORTS_MAC_DESIGNED_FOR_IPHONE_IPAD = NO;
				SWIFT_EMIT_LOC_STRINGS = YES;
				SWIFT_VERSION = 5.0;
				TARGETED_DEVICE_FAMILY = 1;
			};
			name = Release;
		};
/* End XCBuildConfiguration section */

/* Begin XCConfigurationList section */
		9345A4872A29F87000BA5DB2 /* Build configuration list for PBXProject "SimpleAlbumsList" */ = {
			isa = XCConfigurationList;
			buildConfigurations = (
				9345A49E2A29F87200BA5DB2 /* Debug */,
				9345A49F2A29F87200BA5DB2 /* Release */,
			);
			defaultConfigurationIsVisible = 0;
			defaultConfigurationName = Release;
		};
		9345A4A02A29F87200BA5DB2 /* Build configuration list for PBXNativeTarget "SimpleAlbumsList" */ = {
			isa = XCConfigurationList;
			buildConfigurations = (
				9345A4A12A29F87200BA5DB2 /* Debug */,
				9345A4A22A29F87200BA5DB2 /* Release */,
			);
			defaultConfigurationIsVisible = 0;
			defaultConfigurationName = Release;
		};
/* End XCConfigurationList section */

/* Begin XCRemoteSwiftPackageReference section */
		9345A4B12A2A000100BA5DB2 /* XCRemoteSwiftPackageReference "SnapKit" */ = {
			isa = XCRemoteSwiftPackageReference;
			repositoryURL = "https://github.com/SnapKit/SnapKit.git";
			requirement = {
				kind = upToNextMajorVersion;
				minimumVersion = 5.0.0;
			};
		};
/* End XCRemoteSwiftPackageReference section */

/* Begin XCSwiftPackageProductDependency section */
		9345A4B22A2A000100BA5DB2 /* SnapKit */ = {
			isa = XCSwiftPackageProductDependency;
			package = 9345A4B12A2A000100BA5DB2 /* XCRemoteSwiftPackageReference "SnapKit" */;
			productName = SnapKit;
		};
/* End XCSwiftPackageProductDependency section */
	};
	rootObject = 9345A4842A29F87000BA5DB2 /* Project object */;
}
